// !$*UTF8*$!
{
	archiveVersion = 1;
	classes = {
	};
	objectVersion = 46;
	objects = {

/* Begin PBXBuildFile section */
		0C0AF599159C351100E607DE /* GLUT.framework in Frameworks */ = {isa = PBXBuildFile; fileRef = 0C0AF598159C351100E607DE /* GLUT.framework */; };
		0C0AF59B159C351D00E607DE /* libGLEW.dylib in Frameworks */ = {isa = PBXBuildFile; fileRef = 0C0AF59A159C351D00E607DE /* libGLEW.dylib */; };
		0C5E3D8D159ED53B0062242E /* application.h in Headers */ = {isa = PBXBuildFile; fileRef = 0C5E3D63159ED53B0062242E /* application.h */; settings = {ATTRIBUTES = (Public, ); }; };
		0C5E3D8E159ED53B0062242E /* display.h in Headers */ = {isa = PBXBuildFile; fileRef = 0C5E3D64159ED53B0062242E /* display.h */; settings = {ATTRIBUTES = (Public, ); }; };
		0C5E3D8F159ED53B0062242E /* display_manager.h in Headers */ = {isa = PBXBuildFile; fileRef = 0C5E3D65159ED53B0062242E /* display_manager.h */; settings = {ATTRIBUTES = (Public, ); }; };
		0C5E3D90159ED53B0062242E /* exception.h in Headers */ = {isa = PBXBuildFile; fileRef = 0C5E3D66159ED53B0062242E /* exception.h */; settings = {ATTRIBUTES = (Public, ); }; };
		0C5E3D91159ED53B0062242E /* game_manager.h in Headers */ = {isa = PBXBuildFile; fileRef = 0C5E3D67159ED53B0062242E /* game_manager.h */; settings = {ATTRIBUTES = (Public, ); }; };
		0C5E3D92159ED53B0062242E /* gl_display.h in Headers */ = {isa = PBXBuildFile; fileRef = 0C5E3D68159ED53B0062242E /* gl_display.h */; settings = {ATTRIBUTES = (Public, ); }; };
		0C5E3D93159ED53B0062242E /* gl_includes.h in Headers */ = {isa = PBXBuildFile; fileRef = 0C5E3D69159ED53B0062242E /* gl_includes.h */; settings = {ATTRIBUTES = (Public, ); }; };
		0C5E3D94159ED53B0062242E /* input_manager.h in Headers */ = {isa = PBXBuildFile; fileRef = 0C5E3D6A159ED53B0062242E /* input_manager.h */; settings = {ATTRIBUTES = (Public, ); }; };
		0C5E3D95159ED53B0062242E /* logger.h in Headers */ = {isa = PBXBuildFile; fileRef = 0C5E3D6B159ED53B0062242E /* logger.h */; settings = {ATTRIBUTES = (Public, ); }; };
		0C5E3D96159ED53B0062242E /* matrix.h in Headers */ = {isa = PBXBuildFile; fileRef = 0C5E3D6C159ED53B0062242E /* matrix.h */; settings = {ATTRIBUTES = (Public, ); }; };
		0C5E3D97159ED53B0062242E /* node.h in Headers */ = {isa = PBXBuildFile; fileRef = 0C5E3D6D159ED53B0062242E /* node.h */; settings = {ATTRIBUTES = (Public, ); }; };
		0C5E3D98159ED53B0062242E /* noncopyable.h in Headers */ = {isa = PBXBuildFile; fileRef = 0C5E3D6E159ED53B0062242E /* noncopyable.h */; settings = {ATTRIBUTES = (Public, ); }; };
		0C5E3D99159ED53B0062242E /* osx_platform.h in Headers */ = {isa = PBXBuildFile; fileRef = 0C5E3D6F159ED53B0062242E /* osx_platform.h */; settings = {ATTRIBUTES = (Public, ); }; };
		0C5E3D9A159ED53B0062242E /* platform.h in Headers */ = {isa = PBXBuildFile; fileRef = 0C5E3D70159ED53B0062242E /* platform.h */; settings = {ATTRIBUTES = (Public, ); }; };
		0C5E3D9B159ED53B0062242E /* run_loop.h in Headers */ = {isa = PBXBuildFile; fileRef = 0C5E3D71159ED53B0062242E /* run_loop.h */; settings = {ATTRIBUTES = (Public, ); }; };
		0C5E3D9D159ED53B0062242E /* scene.h in Headers */ = {isa = PBXBuildFile; fileRef = 0C5E3D73159ED53B0062242E /* scene.h */; settings = {ATTRIBUTES = (Public, ); }; };
		0C5E3D9E159ED53B0062242E /* schedulable.h in Headers */ = {isa = PBXBuildFile; fileRef = 0C5E3D74159ED53B0062242E /* schedulable.h */; settings = {ATTRIBUTES = (Public, ); }; };
		0C5E3D9F159ED53B0062242E /* types.h in Headers */ = {isa = PBXBuildFile; fileRef = 0C5E3D75159ED53B0062242E /* types.h */; settings = {ATTRIBUTES = (Public, ); }; };
		0C5E3DA0159ED53B0062242E /* util.h in Headers */ = {isa = PBXBuildFile; fileRef = 0C5E3D76159ED53B0062242E /* util.h */; settings = {ATTRIBUTES = (Public, ); }; };
		0C5E3DA1159ED53B0062242E /* vector.h in Headers */ = {isa = PBXBuildFile; fileRef = 0C5E3D77159ED53B0062242E /* vector.h */; settings = {ATTRIBUTES = (Public, ); }; };
		0C5E3DA2159ED53B0062242E /* application.mm in Sources */ = {isa = PBXBuildFile; fileRef = 0C5E3D7B159ED53B0062242E /* application.mm */; };
		0C5E3DA4159ED53B0062242E /* display.cpp in Sources */ = {isa = PBXBuildFile; fileRef = 0C5E3D7C159ED53B0062242E /* display.cpp */; };
		0C5E3DA6159ED53B0062242E /* display_manager.cpp in Sources */ = {isa = PBXBuildFile; fileRef = 0C5E3D7D159ED53B0062242E /* display_manager.cpp */; };
		0C5E3DA8159ED53B0062242E /* exception.cpp in Sources */ = {isa = PBXBuildFile; fileRef = 0C5E3D7E159ED53B0062242E /* exception.cpp */; };
		0C5E3DAA159ED53B0062242E /* game_manager.cpp in Sources */ = {isa = PBXBuildFile; fileRef = 0C5E3D7F159ED53B0062242E /* game_manager.cpp */; };
		0C5E3DAC159ED53B0062242E /* gl_display.cpp in Sources */ = {isa = PBXBuildFile; fileRef = 0C5E3D80159ED53B0062242E /* gl_display.cpp */; };
		0C5E3DAE159ED53B0062242E /* input_manager.cpp in Sources */ = {isa = PBXBuildFile; fileRef = 0C5E3D81159ED53B0062242E /* input_manager.cpp */; };
		0C5E3DB0159ED53B0062242E /* logger.cpp in Sources */ = {isa = PBXBuildFile; fileRef = 0C5E3D82159ED53B0062242E /* logger.cpp */; };
		0C5E3DB2159ED53B0062242E /* matrix.cpp in Sources */ = {isa = PBXBuildFile; fileRef = 0C5E3D83159ED53B0062242E /* matrix.cpp */; };
		0C5E3DB4159ED53B0062242E /* node.cpp in Sources */ = {isa = PBXBuildFile; fileRef = 0C5E3D84159ED53B0062242E /* node.cpp */; };
		0C5E3DB6159ED53B0062242E /* osx_platform.mm in Sources */ = {isa = PBXBuildFile; fileRef = 0C5E3D85159ED53B0062242E /* osx_platform.mm */; };
		0C5E3DB8159ED53B0062242E /* platform.cpp in Sources */ = {isa = PBXBuildFile; fileRef = 0C5E3D86159ED53B0062242E /* platform.cpp */; };
		0C5E3DBA159ED53B0062242E /* run_loop.cpp in Sources */ = {isa = PBXBuildFile; fileRef = 0C5E3D87159ED53B0062242E /* run_loop.cpp */; };
		0C5E3DBC159ED53B0062242E /* scene.cpp in Sources */ = {isa = PBXBuildFile; fileRef = 0C5E3D88159ED53B0062242E /* scene.cpp */; };
		0C5E3DBE159ED53B0062242E /* util.cpp in Sources */ = {isa = PBXBuildFile; fileRef = 0C5E3D89159ED53B0062242E /* util.cpp */; };
		0C5E3DC0159ED53B0062242E /* vector.cpp in Sources */ = {isa = PBXBuildFile; fileRef = 0C5E3D8A159ED53B0062242E /* vector.cpp */; };
		0C5E3DE8159F08E10062242E /* camera.cpp in Sources */ = {isa = PBXBuildFile; fileRef = 0C5E3DE7159F08E10062242E /* camera.cpp */; };
		0C5E3DE9159F12EA0062242E /* camera.h in Headers */ = {isa = PBXBuildFile; fileRef = 0C5E3DE5159F08D50062242E /* camera.h */; settings = {ATTRIBUTES = (Public, ); }; };
		0C5E3DFF15A140D90062242E /* viewport.h in Headers */ = {isa = PBXBuildFile; fileRef = 0C5E3DFE15A140D90062242E /* viewport.h */; settings = {ATTRIBUTES = (Public, ); }; };
		0C5E3E0115A140E40062242E /* viewport.cpp in Sources */ = {isa = PBXBuildFile; fileRef = 0C5E3E0015A140E40062242E /* viewport.cpp */; };
		0CC9DEE11596A3A9001B7348 /* SDL.framework in Frameworks */ = {isa = PBXBuildFile; fileRef = 0CC9DEE01596A3A9001B7348 /* SDL.framework */; };
		563B6EBD14B2FD7300004C6A /* OpenGL.framework in Frameworks */ = {isa = PBXBuildFile; fileRef = 563B6EBC14B2FD7300004C6A /* OpenGL.framework */; };
		563B6EBF14B2FD7800004C6A /* Foundation.framework in Frameworks */ = {isa = PBXBuildFile; fileRef = 563B6EBE14B2FD7800004C6A /* Foundation.framework */; };
		563B6EC114B2FD7E00004C6A /* Cocoa.framework in Frameworks */ = {isa = PBXBuildFile; fileRef = 563B6EC014B2FD7E00004C6A /* Cocoa.framework */; };
/* End PBXBuildFile section */

/* Begin PBXFileReference section */
		0C0AF598159C351100E607DE /* GLUT.framework */ = {isa = PBXFileReference; lastKnownFileType = wrapper.framework; name = GLUT.framework; path = /System/Library/Frameworks/GLUT.framework; sourceTree = "<absolute>"; };
		0C0AF59A159C351D00E607DE /* libGLEW.dylib */ = {isa = PBXFileReference; lastKnownFileType = "compiled.mach-o.dylib"; name = libGLEW.dylib; path = /usr/local/lib/libGLEW.dylib; sourceTree = "<absolute>"; };
		0C5E3D63159ED53B0062242E /* application.h */ = {isa = PBXFileReference; fileEncoding = 4; lastKnownFileType = sourcecode.c.h; path = application.h; sourceTree = "<group>"; };
		0C5E3D64159ED53B0062242E /* display.h */ = {isa = PBXFileReference; fileEncoding = 4; lastKnownFileType = sourcecode.c.h; path = display.h; sourceTree = "<group>"; };
		0C5E3D65159ED53B0062242E /* display_manager.h */ = {isa = PBXFileReference; fileEncoding = 4; lastKnownFileType = sourcecode.c.h; path = display_manager.h; sourceTree = "<group>"; };
		0C5E3D66159ED53B0062242E /* exception.h */ = {isa = PBXFileReference; fileEncoding = 4; lastKnownFileType = sourcecode.c.h; path = exception.h; sourceTree = "<group>"; };
		0C5E3D67159ED53B0062242E /* game_manager.h */ = {isa = PBXFileReference; fileEncoding = 4; lastKnownFileType = sourcecode.c.h; path = game_manager.h; sourceTree = "<group>"; };
		0C5E3D68159ED53B0062242E /* gl_display.h */ = {isa = PBXFileReference; fileEncoding = 4; lastKnownFileType = sourcecode.c.h; path = gl_display.h; sourceTree = "<group>"; };
		0C5E3D69159ED53B0062242E /* gl_includes.h */ = {isa = PBXFileReference; fileEncoding = 4; lastKnownFileType = sourcecode.c.h; path = gl_includes.h; sourceTree = "<group>"; };
		0C5E3D6A159ED53B0062242E /* input_manager.h */ = {isa = PBXFileReference; fileEncoding = 4; lastKnownFileType = sourcecode.c.h; path = input_manager.h; sourceTree = "<group>"; };
		0C5E3D6B159ED53B0062242E /* logger.h */ = {isa = PBXFileReference; fileEncoding = 4; lastKnownFileType = sourcecode.c.h; path = logger.h; sourceTree = "<group>"; };
		0C5E3D6C159ED53B0062242E /* matrix.h */ = {isa = PBXFileReference; fileEncoding = 4; lastKnownFileType = sourcecode.c.h; path = matrix.h; sourceTree = "<group>"; };
		0C5E3D6D159ED53B0062242E /* node.h */ = {isa = PBXFileReference; fileEncoding = 4; lastKnownFileType = sourcecode.c.h; path = node.h; sourceTree = "<group>"; };
		0C5E3D6E159ED53B0062242E /* noncopyable.h */ = {isa = PBXFileReference; fileEncoding = 4; lastKnownFileType = sourcecode.c.h; path = noncopyable.h; sourceTree = "<group>"; };
		0C5E3D6F159ED53B0062242E /* osx_platform.h */ = {isa = PBXFileReference; fileEncoding = 4; lastKnownFileType = sourcecode.c.h; path = osx_platform.h; sourceTree = "<group>"; };
		0C5E3D70159ED53B0062242E /* platform.h */ = {isa = PBXFileReference; fileEncoding = 4; lastKnownFileType = sourcecode.c.h; path = platform.h; sourceTree = "<group>"; };
		0C5E3D71159ED53B0062242E /* run_loop.h */ = {isa = PBXFileReference; fileEncoding = 4; lastKnownFileType = sourcecode.c.h; path = run_loop.h; sourceTree = "<group>"; };
		0C5E3D73159ED53B0062242E /* scene.h */ = {isa = PBXFileReference; fileEncoding = 4; lastKnownFileType = sourcecode.c.h; path = scene.h; sourceTree = "<group>"; };
		0C5E3D74159ED53B0062242E /* schedulable.h */ = {isa = PBXFileReference; fileEncoding = 4; lastKnownFileType = sourcecode.c.h; path = schedulable.h; sourceTree = "<group>"; };
		0C5E3D75159ED53B0062242E /* types.h */ = {isa = PBXFileReference; fileEncoding = 4; lastKnownFileType = sourcecode.c.h; path = types.h; sourceTree = "<group>"; };
		0C5E3D76159ED53B0062242E /* util.h */ = {isa = PBXFileReference; fileEncoding = 4; lastKnownFileType = sourcecode.c.h; path = util.h; sourceTree = "<group>"; };
		0C5E3D77159ED53B0062242E /* vector.h */ = {isa = PBXFileReference; fileEncoding = 4; lastKnownFileType = sourcecode.c.h; path = vector.h; sourceTree = "<group>"; };
		0C5E3D79159ED53B0062242E /* README */ = {isa = PBXFileReference; fileEncoding = 4; lastKnownFileType = text; path = README; sourceTree = "<group>"; };
		0C5E3D7B159ED53B0062242E /* application.mm */ = {isa = PBXFileReference; fileEncoding = 4; lastKnownFileType = sourcecode.cpp.objcpp; path = application.mm; sourceTree = "<group>"; };
		0C5E3D7C159ED53B0062242E /* display.cpp */ = {isa = PBXFileReference; fileEncoding = 4; lastKnownFileType = sourcecode.cpp.cpp; path = display.cpp; sourceTree = "<group>"; };
		0C5E3D7D159ED53B0062242E /* display_manager.cpp */ = {isa = PBXFileReference; fileEncoding = 4; lastKnownFileType = sourcecode.cpp.cpp; path = display_manager.cpp; sourceTree = "<group>"; };
		0C5E3D7E159ED53B0062242E /* exception.cpp */ = {isa = PBXFileReference; fileEncoding = 4; lastKnownFileType = sourcecode.cpp.cpp; path = exception.cpp; sourceTree = "<group>"; };
		0C5E3D7F159ED53B0062242E /* game_manager.cpp */ = {isa = PBXFileReference; fileEncoding = 4; lastKnownFileType = sourcecode.cpp.cpp; path = game_manager.cpp; sourceTree = "<group>"; };
		0C5E3D80159ED53B0062242E /* gl_display.cpp */ = {isa = PBXFileReference; fileEncoding = 4; lastKnownFileType = sourcecode.cpp.cpp; path = gl_display.cpp; sourceTree = "<group>"; };
		0C5E3D81159ED53B0062242E /* input_manager.cpp */ = {isa = PBXFileReference; fileEncoding = 4; lastKnownFileType = sourcecode.cpp.cpp; path = input_manager.cpp; sourceTree = "<group>"; };
		0C5E3D82159ED53B0062242E /* logger.cpp */ = {isa = PBXFileReference; fileEncoding = 4; lastKnownFileType = sourcecode.cpp.cpp; path = logger.cpp; sourceTree = "<group>"; };
		0C5E3D83159ED53B0062242E /* matrix.cpp */ = {isa = PBXFileReference; fileEncoding = 4; lastKnownFileType = sourcecode.cpp.cpp; path = matrix.cpp; sourceTree = "<group>"; };
		0C5E3D84159ED53B0062242E /* node.cpp */ = {isa = PBXFileReference; fileEncoding = 4; lastKnownFileType = sourcecode.cpp.cpp; path = node.cpp; sourceTree = "<group>"; };
		0C5E3D85159ED53B0062242E /* osx_platform.mm */ = {isa = PBXFileReference; fileEncoding = 4; lastKnownFileType = sourcecode.cpp.objcpp; path = osx_platform.mm; sourceTree = "<group>"; };
		0C5E3D86159ED53B0062242E /* platform.cpp */ = {isa = PBXFileReference; fileEncoding = 4; lastKnownFileType = sourcecode.cpp.cpp; path = platform.cpp; sourceTree = "<group>"; };
		0C5E3D87159ED53B0062242E /* run_loop.cpp */ = {isa = PBXFileReference; fileEncoding = 4; lastKnownFileType = sourcecode.cpp.cpp; path = run_loop.cpp; sourceTree = "<group>"; };
		0C5E3D88159ED53B0062242E /* scene.cpp */ = {isa = PBXFileReference; fileEncoding = 4; lastKnownFileType = sourcecode.cpp.cpp; path = scene.cpp; sourceTree = "<group>"; };
		0C5E3D89159ED53B0062242E /* util.cpp */ = {isa = PBXFileReference; fileEncoding = 4; lastKnownFileType = sourcecode.cpp.cpp; path = util.cpp; sourceTree = "<group>"; };
		0C5E3D8A159ED53B0062242E /* vector.cpp */ = {isa = PBXFileReference; fileEncoding = 4; lastKnownFileType = sourcecode.cpp.cpp; path = vector.cpp; sourceTree = "<group>"; };
		0C5E3DE5159F08D50062242E /* camera.h */ = {isa = PBXFileReference; lastKnownFileType = sourcecode.c.h; path = camera.h; sourceTree = "<group>"; };
		0C5E3DE7159F08E10062242E /* camera.cpp */ = {isa = PBXFileReference; fileEncoding = 4; lastKnownFileType = sourcecode.cpp.cpp; path = camera.cpp; sourceTree = "<group>"; };
		0C5E3DFE15A140D90062242E /* viewport.h */ = {isa = PBXFileReference; fileEncoding = 4; lastKnownFileType = sourcecode.c.h; path = viewport.h; sourceTree = "<group>"; };
		0C5E3E0015A140E40062242E /* viewport.cpp */ = {isa = PBXFileReference; fileEncoding = 4; lastKnownFileType = sourcecode.cpp.cpp; path = viewport.cpp; sourceTree = "<group>"; };
		0CC9DEE01596A3A9001B7348 /* SDL.framework */ = {isa = PBXFileReference; lastKnownFileType = wrapper.framework; name = SDL.framework; path = /Library/Frameworks/SDL.framework; sourceTree = "<absolute>"; };
		563B6E9614B2FD2600004C6A /* libZGE.a */ = {isa = PBXFileReference; explicitFileType = archive.ar; includeInIndex = 0; path = libZGE.a; sourceTree = BUILT_PRODUCTS_DIR; };
		563B6EBC14B2FD7300004C6A /* OpenGL.framework */ = {isa = PBXFileReference; lastKnownFileType = wrapper.framework; name = OpenGL.framework; path = System/Library/Frameworks/OpenGL.framework; sourceTree = SDKROOT; };
		563B6EBE14B2FD7800004C6A /* Foundation.framework */ = {isa = PBXFileReference; lastKnownFileType = wrapper.framework; name = Foundation.framework; path = System/Library/Frameworks/Foundation.framework; sourceTree = SDKROOT; };
		563B6EC014B2FD7E00004C6A /* Cocoa.framework */ = {isa = PBXFileReference; lastKnownFileType = wrapper.framework; name = Cocoa.framework; path = System/Library/Frameworks/Cocoa.framework; sourceTree = SDKROOT; };
/* End PBXFileReference section */

/* Begin PBXFrameworksBuildPhase section */
		563B6E9314B2FD2600004C6A /* Frameworks */ = {
			isa = PBXFrameworksBuildPhase;
			buildActionMask = 2147483647;
			files = (
				0C0AF59B159C351D00E607DE /* libGLEW.dylib in Frameworks */,
				0C0AF599159C351100E607DE /* GLUT.framework in Frameworks */,
				0CC9DEE11596A3A9001B7348 /* SDL.framework in Frameworks */,
				563B6EC114B2FD7E00004C6A /* Cocoa.framework in Frameworks */,
				563B6EBF14B2FD7800004C6A /* Foundation.framework in Frameworks */,
				563B6EBD14B2FD7300004C6A /* OpenGL.framework in Frameworks */,
			);
			runOnlyForDeploymentPostprocessing = 0;
		};
/* End PBXFrameworksBuildPhase section */

/* Begin PBXGroup section */
		0C5E3D61159ED53B0062242E /* include */ = {
			isa = PBXGroup;
			children = (
				0C5E3D62159ED53B0062242E /* zge */,
			);
			path = include;
			sourceTree = "<group>";
		};
		0C5E3D62159ED53B0062242E /* zge */ = {
			isa = PBXGroup;
			children = (
				0C5E3D63159ED53B0062242E /* application.h */,
				0C5E3DE5159F08D50062242E /* camera.h */,
				0C5E3D64159ED53B0062242E /* display.h */,
				0C5E3D65159ED53B0062242E /* display_manager.h */,
				0C5E3D66159ED53B0062242E /* exception.h */,
				0C5E3D67159ED53B0062242E /* game_manager.h */,
				0C5E3D68159ED53B0062242E /* gl_display.h */,
				0C5E3D69159ED53B0062242E /* gl_includes.h */,
				0C5E3D6A159ED53B0062242E /* input_manager.h */,
				0C5E3D6B159ED53B0062242E /* logger.h */,
				0C5E3D6C159ED53B0062242E /* matrix.h */,
				0C5E3D6D159ED53B0062242E /* node.h */,
				0C5E3D6E159ED53B0062242E /* noncopyable.h */,
				0C5E3D6F159ED53B0062242E /* osx_platform.h */,
				0C5E3D70159ED53B0062242E /* platform.h */,
				0C5E3D71159ED53B0062242E /* run_loop.h */,
				0C5E3D73159ED53B0062242E /* scene.h */,
				0C5E3D74159ED53B0062242E /* schedulable.h */,
				0C5E3D75159ED53B0062242E /* types.h */,
				0C5E3D76159ED53B0062242E /* util.h */,
				0C5E3D77159ED53B0062242E /* vector.h */,
				0C5E3DFE15A140D90062242E /* viewport.h */,
			);
			path = zge;
			sourceTree = "<group>";
		};
		0C5E3D78159ED53B0062242E /* lib */ = {
			isa = PBXGroup;
			children = (
			);
			path = lib;
			sourceTree = "<group>";
		};
		0C5E3D7A159ED53B0062242E /* src */ = {
			isa = PBXGroup;
			children = (
				0C5E3D7B159ED53B0062242E /* application.mm */,
				0C5E3DE7159F08E10062242E /* camera.cpp */,
				0C5E3D7C159ED53B0062242E /* display.cpp */,
				0C5E3D7D159ED53B0062242E /* display_manager.cpp */,
				0C5E3D7E159ED53B0062242E /* exception.cpp */,
				0C5E3D7F159ED53B0062242E /* game_manager.cpp */,
				0C5E3D80159ED53B0062242E /* gl_display.cpp */,
				0C5E3D81159ED53B0062242E /* input_manager.cpp */,
				0C5E3D82159ED53B0062242E /* logger.cpp */,
				0C5E3D83159ED53B0062242E /* matrix.cpp */,
				0C5E3D84159ED53B0062242E /* node.cpp */,
				0C5E3D85159ED53B0062242E /* osx_platform.mm */,
				0C5E3D86159ED53B0062242E /* platform.cpp */,
				0C5E3D87159ED53B0062242E /* run_loop.cpp */,
				0C5E3D88159ED53B0062242E /* scene.cpp */,
				0C5E3D89159ED53B0062242E /* util.cpp */,
				0C5E3D8A159ED53B0062242E /* vector.cpp */,
				0C5E3E0015A140E40062242E /* viewport.cpp */,
			);
			path = src;
			sourceTree = "<group>";
		};
		563B6E8B14B2FD2600004C6A = {
			isa = PBXGroup;
			children = (
				0C5E3D79159ED53B0062242E /* README */,
				0C5E3D61159ED53B0062242E /* include */,
				0C5E3D78159ED53B0062242E /* lib */,
				0C5E3D7A159ED53B0062242E /* src */,
				563B6EC214B2FD8500004C6A /* Frameworks */,
				563B6E9714B2FD2600004C6A /* Products */,
			);
			sourceTree = "<group>";
		};
		563B6E9714B2FD2600004C6A /* Products */ = {
			isa = PBXGroup;
			children = (
				563B6E9614B2FD2600004C6A /* libZGE.a */,
			);
			name = Products;
			sourceTree = "<group>";
		};
		563B6EC214B2FD8500004C6A /* Frameworks */ = {
			isa = PBXGroup;
			children = (
				0C0AF59A159C351D00E607DE /* libGLEW.dylib */,
				563B6EC014B2FD7E00004C6A /* Cocoa.framework */,
				563B6EBE14B2FD7800004C6A /* Foundation.framework */,
				0C0AF598159C351100E607DE /* GLUT.framework */,
				563B6EBC14B2FD7300004C6A /* OpenGL.framework */,
				0CC9DEE01596A3A9001B7348 /* SDL.framework */,
			);
			name = Frameworks;
			sourceTree = "<group>";
		};
/* End PBXGroup section */

/* Begin PBXHeadersBuildPhase section */
		568CB46714DC6E7C00BD42D2 /* Headers */ = {
			isa = PBXHeadersBuildPhase;
			buildActionMask = 2147483647;
			files = (
				0C5E3D8D159ED53B0062242E /* application.h in Headers */,
				0C5E3DE9159F12EA0062242E /* camera.h in Headers */,
				0C5E3D8E159ED53B0062242E /* display.h in Headers */,
				0C5E3D8F159ED53B0062242E /* display_manager.h in Headers */,
				0C5E3D90159ED53B0062242E /* exception.h in Headers */,
				0C5E3D91159ED53B0062242E /* game_manager.h in Headers */,
				0C5E3D92159ED53B0062242E /* gl_display.h in Headers */,
				0C5E3D93159ED53B0062242E /* gl_includes.h in Headers */,
				0C5E3D94159ED53B0062242E /* input_manager.h in Headers */,
				0C5E3D95159ED53B0062242E /* logger.h in Headers */,
				0C5E3D96159ED53B0062242E /* matrix.h in Headers */,
				0C5E3D97159ED53B0062242E /* node.h in Headers */,
				0C5E3D98159ED53B0062242E /* noncopyable.h in Headers */,
				0C5E3D99159ED53B0062242E /* osx_platform.h in Headers */,
				0C5E3D9A159ED53B0062242E /* platform.h in Headers */,
				0C5E3D9B159ED53B0062242E /* run_loop.h in Headers */,
				0C5E3D9D159ED53B0062242E /* scene.h in Headers */,
				0C5E3D9E159ED53B0062242E /* schedulable.h in Headers */,
				0C5E3D9F159ED53B0062242E /* types.h in Headers */,
				0C5E3DA0159ED53B0062242E /* util.h in Headers */,
				0C5E3DA1159ED53B0062242E /* vector.h in Headers */,
				0C5E3DFF15A140D90062242E /* viewport.h in Headers */,
			);
			runOnlyForDeploymentPostprocessing = 0;
		};
/* End PBXHeadersBuildPhase section */

/* Begin PBXNativeTarget section */
		563B6E9514B2FD2600004C6A /* ZGE */ = {
			isa = PBXNativeTarget;
			buildConfigurationList = 563B6E9A14B2FD2600004C6A /* Build configuration list for PBXNativeTarget "ZGE" */;
			buildPhases = (
				568CB46714DC6E7C00BD42D2 /* Headers */,
				563B6E9214B2FD2600004C6A /* Sources */,
				563B6E9314B2FD2600004C6A /* Frameworks */,
			);
			buildRules = (
			);
			dependencies = (
			);
			name = ZGE;
			productName = ZGE;
			productReference = 563B6E9614B2FD2600004C6A /* libZGE.a */;
			productType = "com.apple.product-type.library.static";
		};
/* End PBXNativeTarget section */

/* Begin PBXProject section */
		563B6E8D14B2FD2600004C6A /* Project object */ = {
			isa = PBXProject;
			attributes = {
				LastUpgradeCheck = 0440;
				ORGANIZATIONNAME = omegaHern;
			};
			buildConfigurationList = 563B6E9014B2FD2600004C6A /* Build configuration list for PBXProject "ZGE" */;
			compatibilityVersion = "Xcode 3.2";
			developmentRegion = English;
			hasScannedForEncodings = 0;
			knownRegions = (
				en,
			);
			mainGroup = 563B6E8B14B2FD2600004C6A;
			productRefGroup = 563B6E9714B2FD2600004C6A /* Products */;
			projectDirPath = "";
			projectRoot = "";
			targets = (
				563B6E9514B2FD2600004C6A /* ZGE */,
			);
		};
/* End PBXProject section */

/* Begin PBXSourcesBuildPhase section */
		563B6E9214B2FD2600004C6A /* Sources */ = {
			isa = PBXSourcesBuildPhase;
			buildActionMask = 2147483647;
			files = (
				0C5E3DA2159ED53B0062242E /* application.mm in Sources */,
				0C5E3DE8159F08E10062242E /* camera.cpp in Sources */,
				0C5E3DA4159ED53B0062242E /* display.cpp in Sources */,
				0C5E3DA6159ED53B0062242E /* display_manager.cpp in Sources */,
				0C5E3DA8159ED53B0062242E /* exception.cpp in Sources */,
				0C5E3DAA159ED53B0062242E /* game_manager.cpp in Sources */,
				0C5E3DAC159ED53B0062242E /* gl_display.cpp in Sources */,
				0C5E3DAE159ED53B0062242E /* input_manager.cpp in Sources */,
				0C5E3DB0159ED53B0062242E /* logger.cpp in Sources */,
				0C5E3DB2159ED53B0062242E /* matrix.cpp in Sources */,
				0C5E3DB4159ED53B0062242E /* node.cpp in Sources */,
				0C5E3DB6159ED53B0062242E /* osx_platform.mm in Sources */,
				0C5E3DB8159ED53B0062242E /* platform.cpp in Sources */,
				0C5E3DBA159ED53B0062242E /* run_loop.cpp in Sources */,
				0C5E3DBC159ED53B0062242E /* scene.cpp in Sources */,
				0C5E3DBE159ED53B0062242E /* util.cpp in Sources */,
				0C5E3DC0159ED53B0062242E /* vector.cpp in Sources */,
				0C5E3E0115A140E40062242E /* viewport.cpp in Sources */,
			);
			runOnlyForDeploymentPostprocessing = 0;
		};
/* End PBXSourcesBuildPhase section */

/* Begin XCBuildConfiguration section */
		563B6E9814B2FD2600004C6A /* Debug */ = {
			isa = XCBuildConfiguration;
			buildSettings = {
				CLANG_CXX_LANGUAGE_STANDARD = "c++0x";
				CLANG_CXX_LIBRARY = "libc++";
				GCC_WARN_UNUSED_VARIABLE = YES;
			};
			name = Debug;
		};
		563B6E9914B2FD2600004C6A /* Release */ = {
			isa = XCBuildConfiguration;
			buildSettings = {
				CLANG_CXX_LANGUAGE_STANDARD = "c++0x";
				CLANG_CXX_LIBRARY = "libc++";
				GCC_WARN_UNUSED_VARIABLE = YES;
			};
			name = Release;
		};
		563B6E9B14B2FD2600004C6A /* Debug */ = {
			isa = XCBuildConfiguration;
			buildSettings = {
				INSTALL_PATH = "$(BUILT_PRODUCTS_DIR)";
				PRODUCT_NAME = "$(TARGET_NAME)";
				PUBLIC_HEADERS_FOLDER_PATH = zge;
				SKIP_INSTALL = YES;
				USER_HEADER_SEARCH_PATHS = "$(SRCROOT)/include";
			};
			name = Debug;
		};
		563B6E9C14B2FD2600004C6A /* Release */ = {
			isa = XCBuildConfiguration;
			buildSettings = {
				INSTALL_PATH = "$(BUILT_PRODUCTS_DIR)";
				PRODUCT_NAME = "$(TARGET_NAME)";
				PUBLIC_HEADERS_FOLDER_PATH = zge;
				USER_HEADER_SEARCH_PATHS = "$(SRCROOT)/include";
			};
			name = Release;
		};
/* End XCBuildConfiguration section */

/* Begin XCConfigurationList section */
		563B6E9014B2FD2600004C6A /* Build configuration list for PBXProject "ZGE" */ = {
			isa = XCConfigurationList;
			buildConfigurations = (
				563B6E9814B2FD2600004C6A /* Debug */,
				563B6E9914B2FD2600004C6A /* Release */,
			);
			defaultConfigurationIsVisible = 0;
			defaultConfigurationName = Release;
		};
		563B6E9A14B2FD2600004C6A /* Build configuration list for PBXNativeTarget "ZGE" */ = {
			isa = XCConfigurationList;
			buildConfigurations = (
				563B6E9B14B2FD2600004C6A /* Debug */,
				563B6E9C14B2FD2600004C6A /* Release */,
			);
			defaultConfigurationIsVisible = 0;
			defaultConfigurationName = Release;
		};
/* End XCConfigurationList section */
	};
	rootObject = 563B6E8D14B2FD2600004C6A /* Project object */;
}
