// !$*UTF8*$!
{
	archiveVersion = 1;
	classes = {
	};
	objectVersion = 46;
	objects = {

/* Begin PBXBuildFile section */
		563B6EBB14B2FD6D00004C6A /* SDL.framework in Frameworks */ = {isa = PBXBuildFile; fileRef = 563B6EBA14B2FD6D00004C6A /* SDL.framework */; };
		563B6EBD14B2FD7300004C6A /* OpenGL.framework in Frameworks */ = {isa = PBXBuildFile; fileRef = 563B6EBC14B2FD7300004C6A /* OpenGL.framework */; };
		563B6EBF14B2FD7800004C6A /* Foundation.framework in Frameworks */ = {isa = PBXBuildFile; fileRef = 563B6EBE14B2FD7800004C6A /* Foundation.framework */; };
		563B6EC114B2FD7E00004C6A /* Cocoa.framework in Frameworks */ = {isa = PBXBuildFile; fileRef = 563B6EC014B2FD7E00004C6A /* Cocoa.framework */; };
		5697ECBE14BADF9E0096FA81 /* game_manager.cpp in Sources */ = {isa = PBXBuildFile; fileRef = 5697ECBC14BADF9E0096FA81 /* game_manager.cpp */; };
		5697ECC114BAE0E00096FA81 /* node.cpp in Sources */ = {isa = PBXBuildFile; fileRef = 5697ECBF14BAE0E00096FA81 /* node.cpp */; };
		56E573CE14B6FC63002522F3 /* display.cpp in Sources */ = {isa = PBXBuildFile; fileRef = 56E573B314B6FC63002522F3 /* display.cpp */; };
		56E573D014B6FC63002522F3 /* display_manager.cpp in Sources */ = {isa = PBXBuildFile; fileRef = 56E573B514B6FC63002522F3 /* display_manager.cpp */; };
		56E573D214B6FC63002522F3 /* gl_display.cpp in Sources */ = {isa = PBXBuildFile; fileRef = 56E573B714B6FC63002522F3 /* gl_display.cpp */; };
		56E573D414B6FC63002522F3 /* input_manager.cpp in Sources */ = {isa = PBXBuildFile; fileRef = 56E573BA14B6FC63002522F3 /* input_manager.cpp */; };
		56E573D814B6FC63002522F3 /* application.mm in Sources */ = {isa = PBXBuildFile; fileRef = 56E573C014B6FC63002522F3 /* application.mm */; };
		56E573DA14B6FC63002522F3 /* osx_platform.mm in Sources */ = {isa = PBXBuildFile; fileRef = 56E573C314B6FC63002522F3 /* osx_platform.mm */; };
		56E573DB14B6FC63002522F3 /* platform.cpp in Sources */ = {isa = PBXBuildFile; fileRef = 56E573C414B6FC63002522F3 /* platform.cpp */; };
		56E573DD14B6FC63002522F3 /* run_loop.cpp in Sources */ = {isa = PBXBuildFile; fileRef = 56E573C614B6FC63002522F3 /* run_loop.cpp */; };
		56E573DF14B6FC63002522F3 /* logger.cpp in Sources */ = {isa = PBXBuildFile; fileRef = 56E573C914B6FC63002522F3 /* logger.cpp */; };
		56E573E114B6FC63002522F3 /* util.cpp in Sources */ = {isa = PBXBuildFile; fileRef = 56E573CB14B6FC63002522F3 /* util.cpp */; };
/* End PBXBuildFile section */

/* Begin PBXFileReference section */
		563B6E9614B2FD2600004C6A /* libZGE.a */ = {isa = PBXFileReference; explicitFileType = archive.ar; includeInIndex = 0; path = libZGE.a; sourceTree = BUILT_PRODUCTS_DIR; };
		563B6EBA14B2FD6D00004C6A /* SDL.framework */ = {isa = PBXFileReference; lastKnownFileType = wrapper.framework; name = SDL.framework; path = Library/Frameworks/SDL.framework; sourceTree = SDKROOT; };
		563B6EBC14B2FD7300004C6A /* OpenGL.framework */ = {isa = PBXFileReference; lastKnownFileType = wrapper.framework; name = OpenGL.framework; path = System/Library/Frameworks/OpenGL.framework; sourceTree = SDKROOT; };
		563B6EBE14B2FD7800004C6A /* Foundation.framework */ = {isa = PBXFileReference; lastKnownFileType = wrapper.framework; name = Foundation.framework; path = System/Library/Frameworks/Foundation.framework; sourceTree = SDKROOT; };
		563B6EC014B2FD7E00004C6A /* Cocoa.framework */ = {isa = PBXFileReference; lastKnownFileType = wrapper.framework; name = Cocoa.framework; path = System/Library/Frameworks/Cocoa.framework; sourceTree = SDKROOT; };
		5697ECBC14BADF9E0096FA81 /* game_manager.cpp */ = {isa = PBXFileReference; fileEncoding = 4; lastKnownFileType = sourcecode.cpp.cpp; path = game_manager.cpp; sourceTree = "<group>"; };
		5697ECBD14BADF9E0096FA81 /* game_manager.h */ = {isa = PBXFileReference; fileEncoding = 4; lastKnownFileType = sourcecode.c.h; path = game_manager.h; sourceTree = "<group>"; };
		5697ECBF14BAE0E00096FA81 /* node.cpp */ = {isa = PBXFileReference; fileEncoding = 4; lastKnownFileType = sourcecode.cpp.cpp; path = node.cpp; sourceTree = "<group>"; };
		5697ECC014BAE0E00096FA81 /* node.h */ = {isa = PBXFileReference; fileEncoding = 4; lastKnownFileType = sourcecode.c.h; path = node.h; sourceTree = "<group>"; };
		56E573B114B6FC63002522F3 /* types.h */ = {isa = PBXFileReference; fileEncoding = 4; lastKnownFileType = sourcecode.c.h; path = types.h; sourceTree = "<group>"; };
		56E573B314B6FC63002522F3 /* display.cpp */ = {isa = PBXFileReference; fileEncoding = 4; lastKnownFileType = sourcecode.cpp.cpp; path = display.cpp; sourceTree = "<group>"; };
		56E573B414B6FC63002522F3 /* display.h */ = {isa = PBXFileReference; fileEncoding = 4; lastKnownFileType = sourcecode.c.h; path = display.h; sourceTree = "<group>"; };
		56E573B514B6FC63002522F3 /* display_manager.cpp */ = {isa = PBXFileReference; fileEncoding = 4; lastKnownFileType = sourcecode.cpp.cpp; path = display_manager.cpp; sourceTree = "<group>"; };
		56E573B614B6FC63002522F3 /* display_manager.h */ = {isa = PBXFileReference; fileEncoding = 4; lastKnownFileType = sourcecode.c.h; path = display_manager.h; sourceTree = "<group>"; };
		56E573B714B6FC63002522F3 /* gl_display.cpp */ = {isa = PBXFileReference; fileEncoding = 4; lastKnownFileType = sourcecode.cpp.cpp; path = gl_display.cpp; sourceTree = "<group>"; };
		56E573B814B6FC63002522F3 /* gl_display.h */ = {isa = PBXFileReference; fileEncoding = 4; lastKnownFileType = sourcecode.c.h; path = gl_display.h; sourceTree = "<group>"; };
		56E573BA14B6FC63002522F3 /* input_manager.cpp */ = {isa = PBXFileReference; fileEncoding = 4; lastKnownFileType = sourcecode.cpp.cpp; path = input_manager.cpp; sourceTree = "<group>"; };
		56E573BB14B6FC63002522F3 /* input_manager.h */ = {isa = PBXFileReference; fileEncoding = 4; lastKnownFileType = sourcecode.c.h; path = input_manager.h; sourceTree = "<group>"; };
		56E573BD14B6FC63002522F3 /* runnable_interface.h */ = {isa = PBXFileReference; fileEncoding = 4; lastKnownFileType = sourcecode.c.h; path = runnable_interface.h; sourceTree = "<group>"; };
		56E573BF14B6FC63002522F3 /* application.h */ = {isa = PBXFileReference; fileEncoding = 4; lastKnownFileType = sourcecode.c.h; path = application.h; sourceTree = "<group>"; };
		56E573C014B6FC63002522F3 /* application.mm */ = {isa = PBXFileReference; fileEncoding = 4; lastKnownFileType = sourcecode.cpp.objcpp; path = application.mm; sourceTree = "<group>"; };
		56E573C214B6FC63002522F3 /* osx_platform.h */ = {isa = PBXFileReference; fileEncoding = 4; lastKnownFileType = sourcecode.c.h; path = osx_platform.h; sourceTree = "<group>"; };
		56E573C314B6FC63002522F3 /* osx_platform.mm */ = {isa = PBXFileReference; fileEncoding = 4; lastKnownFileType = sourcecode.cpp.objcpp; path = osx_platform.mm; sourceTree = "<group>"; };
		56E573C414B6FC63002522F3 /* platform.cpp */ = {isa = PBXFileReference; fileEncoding = 4; lastKnownFileType = sourcecode.cpp.cpp; path = platform.cpp; sourceTree = "<group>"; };
		56E573C514B6FC63002522F3 /* platform.h */ = {isa = PBXFileReference; fileEncoding = 4; lastKnownFileType = sourcecode.c.h; path = platform.h; sourceTree = "<group>"; };
		56E573C614B6FC63002522F3 /* run_loop.cpp */ = {isa = PBXFileReference; fileEncoding = 4; lastKnownFileType = sourcecode.cpp.cpp; path = run_loop.cpp; sourceTree = "<group>"; };
		56E573C714B6FC63002522F3 /* run_loop.h */ = {isa = PBXFileReference; fileEncoding = 4; lastKnownFileType = sourcecode.c.h; path = run_loop.h; sourceTree = "<group>"; };
		56E573C914B6FC63002522F3 /* logger.cpp */ = {isa = PBXFileReference; fileEncoding = 4; lastKnownFileType = sourcecode.cpp.cpp; path = logger.cpp; sourceTree = "<group>"; };
		56E573CA14B6FC63002522F3 /* logger.h */ = {isa = PBXFileReference; fileEncoding = 4; lastKnownFileType = sourcecode.c.h; path = logger.h; sourceTree = "<group>"; };
		56E573CB14B6FC63002522F3 /* util.cpp */ = {isa = PBXFileReference; fileEncoding = 4; lastKnownFileType = sourcecode.cpp.cpp; path = util.cpp; sourceTree = "<group>"; };
		56E573CC14B6FC63002522F3 /* util.h */ = {isa = PBXFileReference; fileEncoding = 4; lastKnownFileType = sourcecode.c.h; path = util.h; sourceTree = "<group>"; };
/* End PBXFileReference section */

/* Begin PBXFrameworksBuildPhase section */
		563B6E9314B2FD2600004C6A /* Frameworks */ = {
			isa = PBXFrameworksBuildPhase;
			buildActionMask = 2147483647;
			files = (
				563B6EC114B2FD7E00004C6A /* Cocoa.framework in Frameworks */,
				563B6EBF14B2FD7800004C6A /* Foundation.framework in Frameworks */,
				563B6EBD14B2FD7300004C6A /* OpenGL.framework in Frameworks */,
				563B6EBB14B2FD6D00004C6A /* SDL.framework in Frameworks */,
			);
			runOnlyForDeploymentPostprocessing = 0;
		};
/* End PBXFrameworksBuildPhase section */

/* Begin PBXGroup section */
		563B6E8B14B2FD2600004C6A = {
			isa = PBXGroup;
			children = (
				56E573AC14B6FC63002522F3 /* zge */,
				563B6EC214B2FD8500004C6A /* Frameworks */,
				563B6E9714B2FD2600004C6A /* Products */,
			);
			sourceTree = "<group>";
		};
		563B6E9714B2FD2600004C6A /* Products */ = {
			isa = PBXGroup;
			children = (
				563B6E9614B2FD2600004C6A /* libZGE.a */,
			);
			name = Products;
			sourceTree = "<group>";
		};
		563B6EC214B2FD8500004C6A /* Frameworks */ = {
			isa = PBXGroup;
			children = (
				563B6EC014B2FD7E00004C6A /* Cocoa.framework */,
				563B6EBE14B2FD7800004C6A /* Foundation.framework */,
				563B6EBC14B2FD7300004C6A /* OpenGL.framework */,
				563B6EBA14B2FD6D00004C6A /* SDL.framework */,
			);
			name = Frameworks;
			sourceTree = "<group>";
		};
		5697ECBB14BADF8E0096FA81 /* game */ = {
			isa = PBXGroup;
			children = (
				5697ECBD14BADF9E0096FA81 /* game_manager.h */,
				5697ECBC14BADF9E0096FA81 /* game_manager.cpp */,
				5697ECC014BAE0E00096FA81 /* node.h */,
				5697ECBF14BAE0E00096FA81 /* node.cpp */,
			);
			path = game;
			sourceTree = "<group>";
		};
		56E573AC14B6FC63002522F3 /* zge */ = {
			isa = PBXGroup;
			children = (
				56E573AD14B6FC63002522F3 /* include */,
				56E573AE14B6FC63002522F3 /* lib */,
				56E573AF14B6FC63002522F3 /* src */,
			);
			path = zge;
			sourceTree = "<group>";
		};
		56E573AD14B6FC63002522F3 /* include */ = {
			isa = PBXGroup;
			children = (
			);
			path = include;
			sourceTree = "<group>";
		};
		56E573AE14B6FC63002522F3 /* lib */ = {
			isa = PBXGroup;
			children = (
			);
			path = lib;
			sourceTree = "<group>";
		};
		56E573AF14B6FC63002522F3 /* src */ = {
			isa = PBXGroup;
			children = (
				56E573B014B6FC63002522F3 /* common */,
				5697ECBB14BADF8E0096FA81 /* game */,
				56E573B214B6FC63002522F3 /* graphics */,
				56E573B914B6FC63002522F3 /* input */,
				56E573BC14B6FC63002522F3 /* interfaces */,
				56E573BE14B6FC63002522F3 /* system */,
				56E573C814B6FC63002522F3 /* util */,
			);
			path = src;
			sourceTree = "<group>";
		};
		56E573B014B6FC63002522F3 /* common */ = {
			isa = PBXGroup;
			children = (
				56E573B114B6FC63002522F3 /* types.h */,
			);
			path = common;
			sourceTree = "<group>";
		};
		56E573B214B6FC63002522F3 /* graphics */ = {
			isa = PBXGroup;
			children = (
				56E573B414B6FC63002522F3 /* display.h */,
				56E573B314B6FC63002522F3 /* display.cpp */,
				56E573B614B6FC63002522F3 /* display_manager.h */,
				56E573B514B6FC63002522F3 /* display_manager.cpp */,
				56E573B814B6FC63002522F3 /* gl_display.h */,
				56E573B714B6FC63002522F3 /* gl_display.cpp */,
			);
			path = graphics;
			sourceTree = "<group>";
		};
		56E573B914B6FC63002522F3 /* input */ = {
			isa = PBXGroup;
			children = (
				56E573BB14B6FC63002522F3 /* input_manager.h */,
				56E573BA14B6FC63002522F3 /* input_manager.cpp */,
			);
			path = input;
			sourceTree = "<group>";
		};
		56E573BC14B6FC63002522F3 /* interfaces */ = {
			isa = PBXGroup;
			children = (
				56E573BD14B6FC63002522F3 /* runnable_interface.h */,
			);
			path = interfaces;
			sourceTree = "<group>";
		};
		56E573BE14B6FC63002522F3 /* system */ = {
			isa = PBXGroup;
			children = (
				56E573BF14B6FC63002522F3 /* application.h */,
				56E573C014B6FC63002522F3 /* application.mm */,
				56E573C114B6FC63002522F3 /* osx */,
				56E573C514B6FC63002522F3 /* platform.h */,
				56E573C414B6FC63002522F3 /* platform.cpp */,
				56E573C714B6FC63002522F3 /* run_loop.h */,
				56E573C614B6FC63002522F3 /* run_loop.cpp */,
			);
			path = system;
			sourceTree = "<group>";
		};
		56E573C114B6FC63002522F3 /* osx */ = {
			isa = PBXGroup;
			children = (
				56E573C214B6FC63002522F3 /* osx_platform.h */,
				56E573C314B6FC63002522F3 /* osx_platform.mm */,
			);
			path = osx;
			sourceTree = "<group>";
		};
		56E573C814B6FC63002522F3 /* util */ = {
			isa = PBXGroup;
			children = (
				56E573CA14B6FC63002522F3 /* logger.h */,
				56E573C914B6FC63002522F3 /* logger.cpp */,
				56E573CC14B6FC63002522F3 /* util.h */,
				56E573CB14B6FC63002522F3 /* util.cpp */,
			);
			path = util;
			sourceTree = "<group>";
		};
/* End PBXGroup section */

/* Begin PBXNativeTarget section */
		563B6E9514B2FD2600004C6A /* ZGE */ = {
			isa = PBXNativeTarget;
			buildConfigurationList = 563B6E9A14B2FD2600004C6A /* Build configuration list for PBXNativeTarget "ZGE" */;
			buildPhases = (
				56E573E314B6FC7D002522F3 /* Copy Headers */,
				563B6E9214B2FD2600004C6A /* Sources */,
				563B6E9314B2FD2600004C6A /* Frameworks */,
			);
			buildRules = (
			);
			dependencies = (
			);
			name = ZGE;
			productName = ZGE;
			productReference = 563B6E9614B2FD2600004C6A /* libZGE.a */;
			productType = "com.apple.product-type.library.static";
		};
/* End PBXNativeTarget section */

/* Begin PBXProject section */
		563B6E8D14B2FD2600004C6A /* Project object */ = {
			isa = PBXProject;
			attributes = {
				LastUpgradeCheck = 0420;
				ORGANIZATIONNAME = omegaHern;
			};
			buildConfigurationList = 563B6E9014B2FD2600004C6A /* Build configuration list for PBXProject "ZGE" */;
			compatibilityVersion = "Xcode 3.2";
			developmentRegion = English;
			hasScannedForEncodings = 0;
			knownRegions = (
				en,
			);
			mainGroup = 563B6E8B14B2FD2600004C6A;
			productRefGroup = 563B6E9714B2FD2600004C6A /* Products */;
			projectDirPath = "";
			projectRoot = "";
			targets = (
				563B6E9514B2FD2600004C6A /* ZGE */,
			);
		};
/* End PBXProject section */

/* Begin PBXShellScriptBuildPhase section */
		56E573E314B6FC7D002522F3 /* Copy Headers */ = {
			isa = PBXShellScriptBuildPhase;
			buildActionMask = 12;
			files = (
			);
			inputPaths = (
			);
			name = "Copy Headers";
			outputPaths = (
			);
			runOnlyForDeploymentPostprocessing = 0;
			shellPath = /bin/sh;
			shellScript = "# This script copies the header files to the BUILD_PRODUCTS_DIR directory\n# The reason for this script is to preserve the directory structure of\n# all of the header files.\n\necho 'SRCROOT:'${SRCROOT}\ncd \"${SRCROOT}\"\n\ncd ./zge/src\nfor H in `find ./ -name \"*.h\"`;  do\n    ditto \"${H}\" \"${INSTALL_PATH}/zge/${H}\"\ndone";
		};
/* End PBXShellScriptBuildPhase section */

/* Begin PBXSourcesBuildPhase section */
		563B6E9214B2FD2600004C6A /* Sources */ = {
			isa = PBXSourcesBuildPhase;
			buildActionMask = 2147483647;
			files = (
				56E573CE14B6FC63002522F3 /* display.cpp in Sources */,
				56E573D014B6FC63002522F3 /* display_manager.cpp in Sources */,
				56E573D214B6FC63002522F3 /* gl_display.cpp in Sources */,
				56E573D414B6FC63002522F3 /* input_manager.cpp in Sources */,
				56E573D814B6FC63002522F3 /* application.mm in Sources */,
				56E573DA14B6FC63002522F3 /* osx_platform.mm in Sources */,
				56E573DB14B6FC63002522F3 /* platform.cpp in Sources */,
				56E573DD14B6FC63002522F3 /* run_loop.cpp in Sources */,
				56E573DF14B6FC63002522F3 /* logger.cpp in Sources */,
				56E573E114B6FC63002522F3 /* util.cpp in Sources */,
				5697ECBE14BADF9E0096FA81 /* game_manager.cpp in Sources */,
				5697ECC114BAE0E00096FA81 /* node.cpp in Sources */,
			);
			runOnlyForDeploymentPostprocessing = 0;
		};
/* End PBXSourcesBuildPhase section */

/* Begin XCBuildConfiguration section */
		563B6E9814B2FD2600004C6A /* Debug */ = {
			isa = XCBuildConfiguration;
			buildSettings = {
				ALWAYS_SEARCH_USER_PATHS = NO;
				ARCHS = "$(ARCHS_STANDARD_64_BIT)";
				CLANG_CXX_LANGUAGE_STANDARD = "gnu++0x";
				CLANG_CXX_LIBRARY = "libc++";
				COPY_PHASE_STRIP = NO;
				GCC_DYNAMIC_NO_PIC = NO;
				GCC_ENABLE_OBJC_EXCEPTIONS = YES;
				GCC_OPTIMIZATION_LEVEL = 0;
				GCC_PREPROCESSOR_DEFINITIONS = (
					"DEBUG=1",
					"$(inherited)",
				);
				GCC_SYMBOLS_PRIVATE_EXTERN = NO;
				GCC_WARN_64_TO_32_BIT_CONVERSION = YES;
				GCC_WARN_ABOUT_MISSING_PROTOTYPES = YES;
				GCC_WARN_ABOUT_RETURN_TYPE = YES;
				GCC_WARN_UNUSED_VARIABLE = YES;
				MACOSX_DEPLOYMENT_TARGET = 10.7;
				ONLY_ACTIVE_ARCH = YES;
				SDKROOT = macosx;
			};
			name = Debug;
		};
		563B6E9914B2FD2600004C6A /* Release */ = {
			isa = XCBuildConfiguration;
			buildSettings = {
				ALWAYS_SEARCH_USER_PATHS = NO;
				ARCHS = "$(ARCHS_STANDARD_64_BIT)";
				CLANG_CXX_LANGUAGE_STANDARD = "gnu++0x";
				CLANG_CXX_LIBRARY = "libc++";
				COPY_PHASE_STRIP = YES;
				GCC_ENABLE_OBJC_EXCEPTIONS = YES;
				GCC_WARN_64_TO_32_BIT_CONVERSION = YES;
				GCC_WARN_ABOUT_MISSING_PROTOTYPES = YES;
				GCC_WARN_ABOUT_RETURN_TYPE = YES;
				GCC_WARN_UNUSED_VARIABLE = YES;
				MACOSX_DEPLOYMENT_TARGET = 10.7;
				SDKROOT = macosx;
			};
			name = Release;
		};
		563B6E9B14B2FD2600004C6A /* Debug */ = {
			isa = XCBuildConfiguration;
			buildSettings = {
				HEADER_SEARCH_PATHS = "$(BUILT_PRODUCTS_DIR)";
				INSTALL_PATH = "$(BUILT_PRODUCTS_DIR)";
				PRODUCT_NAME = "$(TARGET_NAME)";
				PUBLIC_HEADERS_FOLDER_PATH = zge;
				USER_HEADER_SEARCH_PATHS = "$(SRCROOT)/zge/src/";
			};
			name = Debug;
		};
		563B6E9C14B2FD2600004C6A /* Release */ = {
			isa = XCBuildConfiguration;
			buildSettings = {
				HEADER_SEARCH_PATHS = "$(BUILT_PRODUCTS_DIR)";
				INSTALL_PATH = "$(BUILT_PRODUCTS_DIR)";
				PRODUCT_NAME = "$(TARGET_NAME)";
				PUBLIC_HEADERS_FOLDER_PATH = zge;
				USER_HEADER_SEARCH_PATHS = "$(SRCROOT)/zge/src/";
			};
			name = Release;
		};
/* End XCBuildConfiguration section */

/* Begin XCConfigurationList section */
		563B6E9014B2FD2600004C6A /* Build configuration list for PBXProject "ZGE" */ = {
			isa = XCConfigurationList;
			buildConfigurations = (
				563B6E9814B2FD2600004C6A /* Debug */,
				563B6E9914B2FD2600004C6A /* Release */,
			);
			defaultConfigurationIsVisible = 0;
			defaultConfigurationName = Release;
		};
		563B6E9A14B2FD2600004C6A /* Build configuration list for PBXNativeTarget "ZGE" */ = {
			isa = XCConfigurationList;
			buildConfigurations = (
				563B6E9B14B2FD2600004C6A /* Debug */,
				563B6E9C14B2FD2600004C6A /* Release */,
			);
			defaultConfigurationIsVisible = 0;
			defaultConfigurationName = Release;
		};
/* End XCConfigurationList section */
	};
	rootObject = 563B6E8D14B2FD2600004C6A /* Project object */;
}
