// !$*UTF8*$!
{
	archiveVersion = 1;
	classes = {
	};
	objectVersion = 46;
	objects = {

/* Begin PBXBuildFile section */
		5623F45615423EB0008BE96D /* scene.h in Headers */ = {isa = PBXBuildFile; fileRef = 5623F45515423EB0008BE96D /* scene.h */; settings = {ATTRIBUTES = (Public, ); }; };
		5623F45915423F32008BE96D /* scene.cpp in Sources */ = {isa = PBXBuildFile; fileRef = 5623F45815423F32008BE96D /* scene.cpp */; };
		563B6EBB14B2FD6D00004C6A /* SDL.framework in Frameworks */ = {isa = PBXBuildFile; fileRef = 563B6EBA14B2FD6D00004C6A /* SDL.framework */; };
		563B6EBD14B2FD7300004C6A /* OpenGL.framework in Frameworks */ = {isa = PBXBuildFile; fileRef = 563B6EBC14B2FD7300004C6A /* OpenGL.framework */; };
		563B6EBF14B2FD7800004C6A /* Foundation.framework in Frameworks */ = {isa = PBXBuildFile; fileRef = 563B6EBE14B2FD7800004C6A /* Foundation.framework */; };
		563B6EC114B2FD7E00004C6A /* Cocoa.framework in Frameworks */ = {isa = PBXBuildFile; fileRef = 563B6EC014B2FD7E00004C6A /* Cocoa.framework */; };
		568CB47A14DC6E8F00BD42D2 /* application.h in Headers */ = {isa = PBXBuildFile; fileRef = 568CB46A14DC6E8F00BD42D2 /* application.h */; settings = {ATTRIBUTES = (Public, ); }; };
		568CB47B14DC6E8F00BD42D2 /* display.h in Headers */ = {isa = PBXBuildFile; fileRef = 568CB46B14DC6E8F00BD42D2 /* display.h */; settings = {ATTRIBUTES = (Public, ); }; };
		568CB47C14DC6E8F00BD42D2 /* display_manager.h in Headers */ = {isa = PBXBuildFile; fileRef = 568CB46C14DC6E8F00BD42D2 /* display_manager.h */; settings = {ATTRIBUTES = (Public, ); }; };
		568CB47D14DC6E8F00BD42D2 /* error.h in Headers */ = {isa = PBXBuildFile; fileRef = 568CB46D14DC6E8F00BD42D2 /* error.h */; settings = {ATTRIBUTES = (Public, ); }; };
		568CB47E14DC6E8F00BD42D2 /* game_manager.h in Headers */ = {isa = PBXBuildFile; fileRef = 568CB46E14DC6E8F00BD42D2 /* game_manager.h */; settings = {ATTRIBUTES = (Public, ); }; };
		568CB47F14DC6E8F00BD42D2 /* geometry.h in Headers */ = {isa = PBXBuildFile; fileRef = 568CB46F14DC6E8F00BD42D2 /* geometry.h */; settings = {ATTRIBUTES = (Public, ); }; };
		568CB48014DC6E8F00BD42D2 /* gl_display.h in Headers */ = {isa = PBXBuildFile; fileRef = 568CB47014DC6E8F00BD42D2 /* gl_display.h */; settings = {ATTRIBUTES = (Public, ); }; };
		568CB48114DC6E8F00BD42D2 /* input_manager.h in Headers */ = {isa = PBXBuildFile; fileRef = 568CB47114DC6E8F00BD42D2 /* input_manager.h */; settings = {ATTRIBUTES = (Public, ); }; };
		568CB48214DC6E8F00BD42D2 /* logger.h in Headers */ = {isa = PBXBuildFile; fileRef = 568CB47214DC6E8F00BD42D2 /* logger.h */; settings = {ATTRIBUTES = (Public, ); }; };
		568CB48314DC6E8F00BD42D2 /* node.h in Headers */ = {isa = PBXBuildFile; fileRef = 568CB47314DC6E8F00BD42D2 /* node.h */; settings = {ATTRIBUTES = (Public, ); }; };
		568CB48414DC6E8F00BD42D2 /* osx_platform.h in Headers */ = {isa = PBXBuildFile; fileRef = 568CB47414DC6E8F00BD42D2 /* osx_platform.h */; settings = {ATTRIBUTES = (Public, ); }; };
		568CB48514DC6E8F00BD42D2 /* platform.h in Headers */ = {isa = PBXBuildFile; fileRef = 568CB47514DC6E8F00BD42D2 /* platform.h */; settings = {ATTRIBUTES = (Public, ); }; };
		568CB48614DC6E8F00BD42D2 /* run_loop.h in Headers */ = {isa = PBXBuildFile; fileRef = 568CB47614DC6E8F00BD42D2 /* run_loop.h */; settings = {ATTRIBUTES = (Public, ); }; };
		568CB48714DC6E8F00BD42D2 /* runnable_interface.h in Headers */ = {isa = PBXBuildFile; fileRef = 568CB47714DC6E8F00BD42D2 /* runnable_interface.h */; settings = {ATTRIBUTES = (Public, ); }; };
		568CB48814DC6E8F00BD42D2 /* types.h in Headers */ = {isa = PBXBuildFile; fileRef = 568CB47814DC6E8F00BD42D2 /* types.h */; settings = {ATTRIBUTES = (Public, ); }; };
		568CB48914DC6E8F00BD42D2 /* util.h in Headers */ = {isa = PBXBuildFile; fileRef = 568CB47914DC6E8F00BD42D2 /* util.h */; settings = {ATTRIBUTES = (Public, ); }; };
		568CB48C14DC777600BD42D2 /* exception.h in Headers */ = {isa = PBXBuildFile; fileRef = 568CB48B14DC777500BD42D2 /* exception.h */; settings = {ATTRIBUTES = (Public, ); }; };
		56E85DBA14E4835700638CFD /* application.mm in Sources */ = {isa = PBXBuildFile; fileRef = 56E85DAC14E4835700638CFD /* application.mm */; };
		56E85DBB14E4835700638CFD /* display_manager.cpp in Sources */ = {isa = PBXBuildFile; fileRef = 56E85DAD14E4835700638CFD /* display_manager.cpp */; };
		56E85DBC14E4835700638CFD /* display.cpp in Sources */ = {isa = PBXBuildFile; fileRef = 56E85DAE14E4835700638CFD /* display.cpp */; };
		56E85DBD14E4835700638CFD /* error.cpp in Sources */ = {isa = PBXBuildFile; fileRef = 56E85DAF14E4835700638CFD /* error.cpp */; };
		56E85DBE14E4835700638CFD /* game_manager.cpp in Sources */ = {isa = PBXBuildFile; fileRef = 56E85DB014E4835700638CFD /* game_manager.cpp */; };
		56E85DBF14E4835700638CFD /* geometry.cpp in Sources */ = {isa = PBXBuildFile; fileRef = 56E85DB114E4835700638CFD /* geometry.cpp */; };
		56E85DC014E4835700638CFD /* gl_display.cpp in Sources */ = {isa = PBXBuildFile; fileRef = 56E85DB214E4835700638CFD /* gl_display.cpp */; };
		56E85DC114E4835700638CFD /* input_manager.cpp in Sources */ = {isa = PBXBuildFile; fileRef = 56E85DB314E4835700638CFD /* input_manager.cpp */; };
		56E85DC214E4835700638CFD /* logger.cpp in Sources */ = {isa = PBXBuildFile; fileRef = 56E85DB414E4835700638CFD /* logger.cpp */; };
		56E85DC314E4835700638CFD /* node.cpp in Sources */ = {isa = PBXBuildFile; fileRef = 56E85DB514E4835700638CFD /* node.cpp */; };
		56E85DC414E4835700638CFD /* osx_platform.mm in Sources */ = {isa = PBXBuildFile; fileRef = 56E85DB614E4835700638CFD /* osx_platform.mm */; };
		56E85DC514E4835700638CFD /* platform.cpp in Sources */ = {isa = PBXBuildFile; fileRef = 56E85DB714E4835700638CFD /* platform.cpp */; };
		56E85DC614E4835700638CFD /* run_loop.cpp in Sources */ = {isa = PBXBuildFile; fileRef = 56E85DB814E4835700638CFD /* run_loop.cpp */; };
		56E85DC714E4835700638CFD /* util.cpp in Sources */ = {isa = PBXBuildFile; fileRef = 56E85DB914E4835700638CFD /* util.cpp */; };
		56E85DC914E483FD00638CFD /* noncopyable.h in Headers */ = {isa = PBXBuildFile; fileRef = 56E85DC814E483FD00638CFD /* noncopyable.h */; settings = {ATTRIBUTES = (Public, ); }; };
/* End PBXBuildFile section */

/* Begin PBXFileReference section */
		5623F45515423EB0008BE96D /* scene.h */ = {isa = PBXFileReference; fileEncoding = 4; lastKnownFileType = sourcecode.c.h; path = scene.h; sourceTree = "<group>"; };
		5623F45815423F32008BE96D /* scene.cpp */ = {isa = PBXFileReference; fileEncoding = 4; lastKnownFileType = sourcecode.cpp.cpp; path = scene.cpp; sourceTree = "<group>"; };
		563B6E9614B2FD2600004C6A /* libZGE.a */ = {isa = PBXFileReference; explicitFileType = archive.ar; includeInIndex = 0; path = libZGE.a; sourceTree = BUILT_PRODUCTS_DIR; };
		563B6EBA14B2FD6D00004C6A /* SDL.framework */ = {isa = PBXFileReference; lastKnownFileType = wrapper.framework; name = SDL.framework; path = Library/Frameworks/SDL.framework; sourceTree = SDKROOT; };
		563B6EBC14B2FD7300004C6A /* OpenGL.framework */ = {isa = PBXFileReference; lastKnownFileType = wrapper.framework; name = OpenGL.framework; path = System/Library/Frameworks/OpenGL.framework; sourceTree = SDKROOT; };
		563B6EBE14B2FD7800004C6A /* Foundation.framework */ = {isa = PBXFileReference; lastKnownFileType = wrapper.framework; name = Foundation.framework; path = System/Library/Frameworks/Foundation.framework; sourceTree = SDKROOT; };
		563B6EC014B2FD7E00004C6A /* Cocoa.framework */ = {isa = PBXFileReference; lastKnownFileType = wrapper.framework; name = Cocoa.framework; path = System/Library/Frameworks/Cocoa.framework; sourceTree = SDKROOT; };
		568CB46A14DC6E8F00BD42D2 /* application.h */ = {isa = PBXFileReference; fileEncoding = 4; lastKnownFileType = sourcecode.c.h; path = application.h; sourceTree = "<group>"; };
		568CB46B14DC6E8F00BD42D2 /* display.h */ = {isa = PBXFileReference; fileEncoding = 4; lastKnownFileType = sourcecode.c.h; path = display.h; sourceTree = "<group>"; };
		568CB46C14DC6E8F00BD42D2 /* display_manager.h */ = {isa = PBXFileReference; fileEncoding = 4; lastKnownFileType = sourcecode.c.h; path = display_manager.h; sourceTree = "<group>"; };
		568CB46D14DC6E8F00BD42D2 /* error.h */ = {isa = PBXFileReference; fileEncoding = 4; lastKnownFileType = sourcecode.c.h; path = error.h; sourceTree = "<group>"; };
		568CB46E14DC6E8F00BD42D2 /* game_manager.h */ = {isa = PBXFileReference; fileEncoding = 4; lastKnownFileType = sourcecode.c.h; path = game_manager.h; sourceTree = "<group>"; };
		568CB46F14DC6E8F00BD42D2 /* geometry.h */ = {isa = PBXFileReference; fileEncoding = 4; lastKnownFileType = sourcecode.c.h; path = geometry.h; sourceTree = "<group>"; };
		568CB47014DC6E8F00BD42D2 /* gl_display.h */ = {isa = PBXFileReference; fileEncoding = 4; lastKnownFileType = sourcecode.c.h; path = gl_display.h; sourceTree = "<group>"; };
		568CB47114DC6E8F00BD42D2 /* input_manager.h */ = {isa = PBXFileReference; fileEncoding = 4; lastKnownFileType = sourcecode.c.h; path = input_manager.h; sourceTree = "<group>"; };
		568CB47214DC6E8F00BD42D2 /* logger.h */ = {isa = PBXFileReference; fileEncoding = 4; lastKnownFileType = sourcecode.c.h; path = logger.h; sourceTree = "<group>"; };
		568CB47314DC6E8F00BD42D2 /* node.h */ = {isa = PBXFileReference; fileEncoding = 4; lastKnownFileType = sourcecode.c.h; path = node.h; sourceTree = "<group>"; };
		568CB47414DC6E8F00BD42D2 /* osx_platform.h */ = {isa = PBXFileReference; fileEncoding = 4; lastKnownFileType = sourcecode.c.h; path = osx_platform.h; sourceTree = "<group>"; };
		568CB47514DC6E8F00BD42D2 /* platform.h */ = {isa = PBXFileReference; fileEncoding = 4; lastKnownFileType = sourcecode.c.h; path = platform.h; sourceTree = "<group>"; };
		568CB47614DC6E8F00BD42D2 /* run_loop.h */ = {isa = PBXFileReference; fileEncoding = 4; lastKnownFileType = sourcecode.c.h; path = run_loop.h; sourceTree = "<group>"; };
		568CB47714DC6E8F00BD42D2 /* runnable_interface.h */ = {isa = PBXFileReference; fileEncoding = 4; lastKnownFileType = sourcecode.c.h; path = runnable_interface.h; sourceTree = "<group>"; };
		568CB47814DC6E8F00BD42D2 /* types.h */ = {isa = PBXFileReference; fileEncoding = 4; lastKnownFileType = sourcecode.c.h; path = types.h; sourceTree = "<group>"; };
		568CB47914DC6E8F00BD42D2 /* util.h */ = {isa = PBXFileReference; fileEncoding = 4; lastKnownFileType = sourcecode.c.h; path = util.h; sourceTree = "<group>"; };
		568CB48B14DC777500BD42D2 /* exception.h */ = {isa = PBXFileReference; fileEncoding = 4; lastKnownFileType = sourcecode.c.h; path = exception.h; sourceTree = "<group>"; };
		56E85DAC14E4835700638CFD /* application.mm */ = {isa = PBXFileReference; fileEncoding = 4; lastKnownFileType = sourcecode.cpp.objcpp; path = application.mm; sourceTree = "<group>"; };
		56E85DAD14E4835700638CFD /* display_manager.cpp */ = {isa = PBXFileReference; fileEncoding = 4; lastKnownFileType = sourcecode.cpp.cpp; path = display_manager.cpp; sourceTree = "<group>"; };
		56E85DAE14E4835700638CFD /* display.cpp */ = {isa = PBXFileReference; fileEncoding = 4; lastKnownFileType = sourcecode.cpp.cpp; path = display.cpp; sourceTree = "<group>"; };
		56E85DAF14E4835700638CFD /* error.cpp */ = {isa = PBXFileReference; fileEncoding = 4; lastKnownFileType = sourcecode.cpp.cpp; path = error.cpp; sourceTree = "<group>"; };
		56E85DB014E4835700638CFD /* game_manager.cpp */ = {isa = PBXFileReference; fileEncoding = 4; lastKnownFileType = sourcecode.cpp.cpp; path = game_manager.cpp; sourceTree = "<group>"; };
		56E85DB114E4835700638CFD /* geometry.cpp */ = {isa = PBXFileReference; fileEncoding = 4; lastKnownFileType = sourcecode.cpp.cpp; path = geometry.cpp; sourceTree = "<group>"; };
		56E85DB214E4835700638CFD /* gl_display.cpp */ = {isa = PBXFileReference; fileEncoding = 4; lastKnownFileType = sourcecode.cpp.cpp; path = gl_display.cpp; sourceTree = "<group>"; };
		56E85DB314E4835700638CFD /* input_manager.cpp */ = {isa = PBXFileReference; fileEncoding = 4; lastKnownFileType = sourcecode.cpp.cpp; path = input_manager.cpp; sourceTree = "<group>"; };
		56E85DB414E4835700638CFD /* logger.cpp */ = {isa = PBXFileReference; fileEncoding = 4; lastKnownFileType = sourcecode.cpp.cpp; path = logger.cpp; sourceTree = "<group>"; };
		56E85DB514E4835700638CFD /* node.cpp */ = {isa = PBXFileReference; fileEncoding = 4; lastKnownFileType = sourcecode.cpp.cpp; path = node.cpp; sourceTree = "<group>"; };
		56E85DB614E4835700638CFD /* osx_platform.mm */ = {isa = PBXFileReference; fileEncoding = 4; lastKnownFileType = sourcecode.cpp.objcpp; path = osx_platform.mm; sourceTree = "<group>"; };
		56E85DB714E4835700638CFD /* platform.cpp */ = {isa = PBXFileReference; fileEncoding = 4; lastKnownFileType = sourcecode.cpp.cpp; path = platform.cpp; sourceTree = "<group>"; };
		56E85DB814E4835700638CFD /* run_loop.cpp */ = {isa = PBXFileReference; fileEncoding = 4; lastKnownFileType = sourcecode.cpp.cpp; path = run_loop.cpp; sourceTree = "<group>"; };
		56E85DB914E4835700638CFD /* util.cpp */ = {isa = PBXFileReference; fileEncoding = 4; lastKnownFileType = sourcecode.cpp.cpp; path = util.cpp; sourceTree = "<group>"; };
		56E85DC814E483FD00638CFD /* noncopyable.h */ = {isa = PBXFileReference; fileEncoding = 4; lastKnownFileType = sourcecode.c.h; path = noncopyable.h; sourceTree = "<group>"; };
/* End PBXFileReference section */

/* Begin PBXFrameworksBuildPhase section */
		563B6E9314B2FD2600004C6A /* Frameworks */ = {
			isa = PBXFrameworksBuildPhase;
			buildActionMask = 2147483647;
			files = (
				563B6EC114B2FD7E00004C6A /* Cocoa.framework in Frameworks */,
				563B6EBF14B2FD7800004C6A /* Foundation.framework in Frameworks */,
				563B6EBD14B2FD7300004C6A /* OpenGL.framework in Frameworks */,
				563B6EBB14B2FD6D00004C6A /* SDL.framework in Frameworks */,
			);
			runOnlyForDeploymentPostprocessing = 0;
		};
/* End PBXFrameworksBuildPhase section */

/* Begin PBXGroup section */
		563B6E8B14B2FD2600004C6A = {
			isa = PBXGroup;
			children = (
				56E573AC14B6FC63002522F3 /* zge */,
				563B6EC214B2FD8500004C6A /* Frameworks */,
				563B6E9714B2FD2600004C6A /* Products */,
			);
			sourceTree = "<group>";
		};
		563B6E9714B2FD2600004C6A /* Products */ = {
			isa = PBXGroup;
			children = (
				563B6E9614B2FD2600004C6A /* libZGE.a */,
			);
			name = Products;
			sourceTree = "<group>";
		};
		563B6EC214B2FD8500004C6A /* Frameworks */ = {
			isa = PBXGroup;
			children = (
				563B6EC014B2FD7E00004C6A /* Cocoa.framework */,
				563B6EBE14B2FD7800004C6A /* Foundation.framework */,
				563B6EBC14B2FD7300004C6A /* OpenGL.framework */,
				563B6EBA14B2FD6D00004C6A /* SDL.framework */,
			);
			name = Frameworks;
			sourceTree = "<group>";
		};
		568CB44114DC6C2300BD42D2 /* lib */ = {
			isa = PBXGroup;
			children = (
			);
			path = lib;
			sourceTree = "<group>";
		};
		568CB44214DC6C2300BD42D2 /* src */ = {
			isa = PBXGroup;
			children = (
				56E85DAC14E4835700638CFD /* application.mm */,
				56E85DAE14E4835700638CFD /* display.cpp */,
				56E85DAD14E4835700638CFD /* display_manager.cpp */,
				56E85DAF14E4835700638CFD /* error.cpp */,
				56E85DB014E4835700638CFD /* game_manager.cpp */,
				56E85DB114E4835700638CFD /* geometry.cpp */,
				56E85DB214E4835700638CFD /* gl_display.cpp */,
				56E85DB314E4835700638CFD /* input_manager.cpp */,
				56E85DB414E4835700638CFD /* logger.cpp */,
				56E85DB514E4835700638CFD /* node.cpp */,
				56E85DB614E4835700638CFD /* osx_platform.mm */,
				56E85DB714E4835700638CFD /* platform.cpp */,
				56E85DB814E4835700638CFD /* run_loop.cpp */,
				5623F45815423F32008BE96D /* scene.cpp */,
				56E85DB914E4835700638CFD /* util.cpp */,
			);
			path = src;
			sourceTree = "<group>";
		};
		568CB46814DC6E8F00BD42D2 /* include */ = {
			isa = PBXGroup;
			children = (
				568CB46914DC6E8F00BD42D2 /* zge */,
			);
			path = include;
			sourceTree = "<group>";
		};
		568CB46914DC6E8F00BD42D2 /* zge */ = {
			isa = PBXGroup;
			children = (
				568CB46A14DC6E8F00BD42D2 /* application.h */,
				568CB46B14DC6E8F00BD42D2 /* display.h */,
				568CB46C14DC6E8F00BD42D2 /* display_manager.h */,
				568CB46D14DC6E8F00BD42D2 /* error.h */,
				568CB48B14DC777500BD42D2 /* exception.h */,
				568CB46E14DC6E8F00BD42D2 /* game_manager.h */,
				568CB46F14DC6E8F00BD42D2 /* geometry.h */,
				568CB47014DC6E8F00BD42D2 /* gl_display.h */,
				568CB47114DC6E8F00BD42D2 /* input_manager.h */,
				568CB47214DC6E8F00BD42D2 /* logger.h */,
				568CB47314DC6E8F00BD42D2 /* node.h */,
				56E85DC814E483FD00638CFD /* noncopyable.h */,
				568CB47414DC6E8F00BD42D2 /* osx_platform.h */,
				568CB47514DC6E8F00BD42D2 /* platform.h */,
				568CB47614DC6E8F00BD42D2 /* run_loop.h */,
				568CB47714DC6E8F00BD42D2 /* runnable_interface.h */,
				5623F45515423EB0008BE96D /* scene.h */,
				568CB47814DC6E8F00BD42D2 /* types.h */,
				568CB47914DC6E8F00BD42D2 /* util.h */,
			);
			path = zge;
			sourceTree = "<group>";
		};
		56E573AC14B6FC63002522F3 /* zge */ = {
			isa = PBXGroup;
			children = (
				568CB46814DC6E8F00BD42D2 /* include */,
				568CB44114DC6C2300BD42D2 /* lib */,
				568CB44214DC6C2300BD42D2 /* src */,
			);
			path = zge;
			sourceTree = "<group>";
		};
/* End PBXGroup section */

/* Begin PBXHeadersBuildPhase section */
		568CB46714DC6E7C00BD42D2 /* Headers */ = {
			isa = PBXHeadersBuildPhase;
			buildActionMask = 2147483647;
			files = (
				568CB47A14DC6E8F00BD42D2 /* application.h in Headers */,
				568CB47B14DC6E8F00BD42D2 /* display.h in Headers */,
				568CB47C14DC6E8F00BD42D2 /* display_manager.h in Headers */,
				568CB47D14DC6E8F00BD42D2 /* error.h in Headers */,
				568CB47E14DC6E8F00BD42D2 /* game_manager.h in Headers */,
				568CB47F14DC6E8F00BD42D2 /* geometry.h in Headers */,
				568CB48014DC6E8F00BD42D2 /* gl_display.h in Headers */,
				568CB48114DC6E8F00BD42D2 /* input_manager.h in Headers */,
				568CB48214DC6E8F00BD42D2 /* logger.h in Headers */,
				568CB48314DC6E8F00BD42D2 /* node.h in Headers */,
				568CB48414DC6E8F00BD42D2 /* osx_platform.h in Headers */,
				568CB48514DC6E8F00BD42D2 /* platform.h in Headers */,
				56E85DC914E483FD00638CFD /* noncopyable.h in Headers */,
				568CB48614DC6E8F00BD42D2 /* run_loop.h in Headers */,
				5623F45615423EB0008BE96D /* scene.h in Headers */,
				568CB48714DC6E8F00BD42D2 /* runnable_interface.h in Headers */,
				568CB48C14DC777600BD42D2 /* exception.h in Headers */,
				568CB48814DC6E8F00BD42D2 /* types.h in Headers */,
				568CB48914DC6E8F00BD42D2 /* util.h in Headers */,
			);
			runOnlyForDeploymentPostprocessing = 0;
		};
/* End PBXHeadersBuildPhase section */

/* Begin PBXNativeTarget section */
		563B6E9514B2FD2600004C6A /* ZGE */ = {
			isa = PBXNativeTarget;
			buildConfigurationList = 563B6E9A14B2FD2600004C6A /* Build configuration list for PBXNativeTarget "ZGE" */;
			buildPhases = (
				568CB46714DC6E7C00BD42D2 /* Headers */,
				563B6E9214B2FD2600004C6A /* Sources */,
				563B6E9314B2FD2600004C6A /* Frameworks */,
			);
			buildRules = (
			);
			dependencies = (
			);
			name = ZGE;
			productName = ZGE;
			productReference = 563B6E9614B2FD2600004C6A /* libZGE.a */;
			productType = "com.apple.product-type.library.static";
		};
/* End PBXNativeTarget section */

/* Begin PBXProject section */
		563B6E8D14B2FD2600004C6A /* Project object */ = {
			isa = PBXProject;
			attributes = {
				LastUpgradeCheck = 0430;
				ORGANIZATIONNAME = omegaHern;
			};
			buildConfigurationList = 563B6E9014B2FD2600004C6A /* Build configuration list for PBXProject "ZGE" */;
			compatibilityVersion = "Xcode 3.2";
			developmentRegion = English;
			hasScannedForEncodings = 0;
			knownRegions = (
				en,
			);
			mainGroup = 563B6E8B14B2FD2600004C6A;
			productRefGroup = 563B6E9714B2FD2600004C6A /* Products */;
			projectDirPath = "";
			projectRoot = "";
			targets = (
				563B6E9514B2FD2600004C6A /* ZGE */,
			);
		};
/* End PBXProject section */

/* Begin PBXSourcesBuildPhase section */
		563B6E9214B2FD2600004C6A /* Sources */ = {
			isa = PBXSourcesBuildPhase;
			buildActionMask = 2147483647;
			files = (
				56E85DBA14E4835700638CFD /* application.mm in Sources */,
				56E85DBB14E4835700638CFD /* display_manager.cpp in Sources */,
				56E85DBC14E4835700638CFD /* display.cpp in Sources */,
				56E85DBD14E4835700638CFD /* error.cpp in Sources */,
				56E85DBE14E4835700638CFD /* game_manager.cpp in Sources */,
				56E85DBF14E4835700638CFD /* geometry.cpp in Sources */,
				56E85DC014E4835700638CFD /* gl_display.cpp in Sources */,
				56E85DC114E4835700638CFD /* input_manager.cpp in Sources */,
				56E85DC214E4835700638CFD /* logger.cpp in Sources */,
				56E85DC314E4835700638CFD /* node.cpp in Sources */,
				56E85DC414E4835700638CFD /* osx_platform.mm in Sources */,
				56E85DC514E4835700638CFD /* platform.cpp in Sources */,
				56E85DC614E4835700638CFD /* run_loop.cpp in Sources */,
				56E85DC714E4835700638CFD /* util.cpp in Sources */,
				5623F45915423F32008BE96D /* scene.cpp in Sources */,
			);
			runOnlyForDeploymentPostprocessing = 0;
		};
/* End PBXSourcesBuildPhase section */

/* Begin XCBuildConfiguration section */
		563B6E9814B2FD2600004C6A /* Debug */ = {
			isa = XCBuildConfiguration;
			buildSettings = {
				ALWAYS_SEARCH_USER_PATHS = NO;
				ARCHS = "$(ARCHS_STANDARD_64_BIT)";
				CLANG_CXX_LANGUAGE_STANDARD = "gnu++0x";
				CLANG_CXX_LIBRARY = "libc++";
				COPY_PHASE_STRIP = NO;
				GCC_DYNAMIC_NO_PIC = NO;
				GCC_ENABLE_OBJC_EXCEPTIONS = YES;
				GCC_OPTIMIZATION_LEVEL = 0;
				GCC_PREPROCESSOR_DEFINITIONS = (
					"DEBUG=1",
					"$(inherited)",
				);
				GCC_SYMBOLS_PRIVATE_EXTERN = NO;
				GCC_WARN_64_TO_32_BIT_CONVERSION = YES;
				GCC_WARN_ABOUT_MISSING_PROTOTYPES = YES;
				GCC_WARN_ABOUT_RETURN_TYPE = YES;
				GCC_WARN_UNUSED_VARIABLE = YES;
				MACOSX_DEPLOYMENT_TARGET = 10.7;
				ONLY_ACTIVE_ARCH = YES;
				SDKROOT = macosx;
				USER_HEADER_SEARCH_PATHS = "$(SRCROOT)/zge/include";
			};
			name = Debug;
		};
		563B6E9914B2FD2600004C6A /* Release */ = {
			isa = XCBuildConfiguration;
			buildSettings = {
				ALWAYS_SEARCH_USER_PATHS = NO;
				ARCHS = "$(ARCHS_STANDARD_64_BIT)";
				CLANG_CXX_LANGUAGE_STANDARD = "gnu++0x";
				CLANG_CXX_LIBRARY = "libc++";
				COPY_PHASE_STRIP = YES;
				GCC_ENABLE_OBJC_EXCEPTIONS = YES;
				GCC_WARN_64_TO_32_BIT_CONVERSION = YES;
				GCC_WARN_ABOUT_MISSING_PROTOTYPES = YES;
				GCC_WARN_ABOUT_RETURN_TYPE = YES;
				GCC_WARN_UNUSED_VARIABLE = YES;
				MACOSX_DEPLOYMENT_TARGET = 10.7;
				SDKROOT = macosx;
				USER_HEADER_SEARCH_PATHS = "$(SRCROOT)/zge/include";
			};
			name = Release;
		};
		563B6E9B14B2FD2600004C6A /* Debug */ = {
			isa = XCBuildConfiguration;
			buildSettings = {
				INSTALL_PATH = "$(BUILT_PRODUCTS_DIR)";
				PRODUCT_NAME = "$(TARGET_NAME)";
				PUBLIC_HEADERS_FOLDER_PATH = zge;
			};
			name = Debug;
		};
		563B6E9C14B2FD2600004C6A /* Release */ = {
			isa = XCBuildConfiguration;
			buildSettings = {
				INSTALL_PATH = "$(BUILT_PRODUCTS_DIR)";
				PRODUCT_NAME = "$(TARGET_NAME)";
				PUBLIC_HEADERS_FOLDER_PATH = zge;
			};
			name = Release;
		};
/* End XCBuildConfiguration section */

/* Begin XCConfigurationList section */
		563B6E9014B2FD2600004C6A /* Build configuration list for PBXProject "ZGE" */ = {
			isa = XCConfigurationList;
			buildConfigurations = (
				563B6E9814B2FD2600004C6A /* Debug */,
				563B6E9914B2FD2600004C6A /* Release */,
			);
			defaultConfigurationIsVisible = 0;
			defaultConfigurationName = Release;
		};
		563B6E9A14B2FD2600004C6A /* Build configuration list for PBXNativeTarget "ZGE" */ = {
			isa = XCConfigurationList;
			buildConfigurations = (
				563B6E9B14B2FD2600004C6A /* Debug */,
				563B6E9C14B2FD2600004C6A /* Release */,
			);
			defaultConfigurationIsVisible = 0;
			defaultConfigurationName = Release;
		};
/* End XCConfigurationList section */
	};
	rootObject = 563B6E8D14B2FD2600004C6A /* Project object */;
}
